
Microsoft Visual Studio Solution File, Format Version 12.00
# Visual Studio Version 16
VisualStudioVersion = 16.0.30309.148
MinimumVisualStudioVersion = 10.0.40219.1
Project("{9A19103F-16F7-4668-BE54-9A1E7A4F7556}") = "AspNetCore3Angular10", "AspNetCore3Angular10.csproj", "{DA77B7C9-9532-40B5-AE41-9C0373DE2446}"
EndProject
Global
	GlobalSection(SolutionConfigurationPlatforms) = preSolution
		Debug|Any CPU = Debug|Any CPU
		Release|Any CPU = Release|Any CPU
	EndGlobalSection
	GlobalSection(ProjectConfigurationPlatforms) = postSolution
		{DA77B7C9-9532-40B5-AE41-9C0373DE2446}.Debug|Any CPU.ActiveCfg = Debug|Any CPU
		{DA77B7C9-9532-40B5-AE41-9C0373DE2446}.Debug|Any CPU.Build.0 = Debug|Any CPU
		{DA77B7C9-9532-40B5-AE41-9C0373DE2446}.Release|Any CPU.ActiveCfg = Release|Any CPU
		{DA77B7C9-9532-40B5-AE41-9C0373DE2446}.Release|Any CPU.Build.0 = Release|Any CPU
	EndGlobalSection
	GlobalSection(SolutionProperties) = preSolution
		HideSolutionNode = FALSE
	EndGlobalSection
	GlobalSection(ExtensibilityGlobals) = postSolution
		SolutionGuid = {EB8F481F-4105-4EC2-9C2D-A114EE8F98E9}
	EndGlobalSection
EndGlobal
